{
  "name": "Elastic-Beanstalk-Sample-App",
  "version": "0.0.1",
  "lockfileVersion": 3,
  "requires": true,
  "packages": {
    "": {
      "name": "Elastic-Beanstalk-Sample-App",
      "version": "0.0.1",
      "dependencies": {
        "Elastic-Beanstalk-Sample-App": "file:"
      }
    },
    "node_modules/Elastic-Beanstalk-Sample-App": {
      "resolved": "",
      "link": true
    }
  }
}
